
Microsoft Visual Studio Solution File, Format Version 12.00
Project("{FAE04EC0-301F-11D3-BF4B-00C04F79EFBC}") = "ExternalFunction", "src\ExternalFunction\ExternalFunction.csproj", "{3B395720-22F1-4A8E-8DEF-D5B9FD61BC1F}"
EndProject
Project("{FAE04EC0-301F-11D3-BF4B-00C04F79EFBC}") = "InternalFunction", "src\InternalFunction\InternalFunction.csproj", "{B81A05D7-1958-4C5C-A862-F8CED1759573}"
EndProject
Project("{2150E333-8FDC-42A3-9474-1A3956D46DE8}") = "tests", "tests", "{0B97F023-9896-467D-91AE-A32C696467AC}"
EndProject
Project("{FAE04EC0-301F-11D3-BF4B-00C04F79EFBC}") = "IntegrationTests", "tests\IntegrationTests\IntegrationTests.csproj", "{30FCDF5D-A3E6-445E-8736-2772ED61D846}"
EndProject
Project("{2150E333-8FDC-42A3-9474-1A3956D46DE8}") = "src", "src", "{A2CD9007-030E-4FEE-8811-5224E8C28D5F}"
EndProject
Project("{FAE04EC0-301F-11D3-BF4B-00C04F79EFBC}") = "Core", "src\Core\Core.csproj", "{1C3BD0EC-C2FC-443D-A4E4-5095B75DCA39}"
EndProject
Project("{FAE04EC0-301F-11D3-BF4B-00C04F79EFBC}") = "Services", "src\Services\Services.csproj", "{89D4ABEC-3B49-4757-857D-1AFC98A616C0}"
EndProject
Project("{FAE04EC0-301F-11D3-BF4B-00C04F79EFBC}") = "UnitTests", "tests\UnitTests\UnitTests.csproj", "{EBE15804-5DCC-4D6A-A2E2-978C34871338}"
EndProject
Global
	GlobalSection(SolutionConfigurationPlatforms) = preSolution
		Debug|Any CPU = Debug|Any CPU
		Release|Any CPU = Release|Any CPU
	EndGlobalSection
	GlobalSection(ProjectConfigurationPlatforms) = postSolution
		{3B395720-22F1-4A8E-8DEF-D5B9FD61BC1F}.Debug|Any CPU.ActiveCfg = Debug|Any CPU
		{3B395720-22F1-4A8E-8DEF-D5B9FD61BC1F}.Debug|Any CPU.Build.0 = Debug|Any CPU
		{3B395720-22F1-4A8E-8DEF-D5B9FD61BC1F}.Release|Any CPU.ActiveCfg = Release|Any CPU
		{3B395720-22F1-4A8E-8DEF-D5B9FD61BC1F}.Release|Any CPU.Build.0 = Release|Any CPU
		{B81A05D7-1958-4C5C-A862-F8CED1759573}.Debug|Any CPU.ActiveCfg = Debug|Any CPU
		{B81A05D7-1958-4C5C-A862-F8CED1759573}.Debug|Any CPU.Build.0 = Debug|Any CPU
		{B81A05D7-1958-4C5C-A862-F8CED1759573}.Release|Any CPU.ActiveCfg = Release|Any CPU
		{B81A05D7-1958-4C5C-A862-F8CED1759573}.Release|Any CPU.Build.0 = Release|Any CPU
		{30FCDF5D-A3E6-445E-8736-2772ED61D846}.Debug|Any CPU.ActiveCfg = Debug|Any CPU
		{30FCDF5D-A3E6-445E-8736-2772ED61D846}.Debug|Any CPU.Build.0 = Debug|Any CPU
		{30FCDF5D-A3E6-445E-8736-2772ED61D846}.Release|Any CPU.ActiveCfg = Release|Any CPU
		{30FCDF5D-A3E6-445E-8736-2772ED61D846}.Release|Any CPU.Build.0 = Release|Any CPU
		{1C3BD0EC-C2FC-443D-A4E4-5095B75DCA39}.Debug|Any CPU.ActiveCfg = Debug|Any CPU
		{1C3BD0EC-C2FC-443D-A4E4-5095B75DCA39}.Debug|Any CPU.Build.0 = Debug|Any CPU
		{1C3BD0EC-C2FC-443D-A4E4-5095B75DCA39}.Release|Any CPU.ActiveCfg = Release|Any CPU
		{1C3BD0EC-C2FC-443D-A4E4-5095B75DCA39}.Release|Any CPU.Build.0 = Release|Any CPU
		{89D4ABEC-3B49-4757-857D-1AFC98A616C0}.Debug|Any CPU.ActiveCfg = Debug|Any CPU
		{89D4ABEC-3B49-4757-857D-1AFC98A616C0}.Debug|Any CPU.Build.0 = Debug|Any CPU
		{89D4ABEC-3B49-4757-857D-1AFC98A616C0}.Release|Any CPU.ActiveCfg = Release|Any CPU
		{89D4ABEC-3B49-4757-857D-1AFC98A616C0}.Release|Any CPU.Build.0 = Release|Any CPU
		{EBE15804-5DCC-4D6A-A2E2-978C34871338}.Debug|Any CPU.ActiveCfg = Debug|Any CPU
		{EBE15804-5DCC-4D6A-A2E2-978C34871338}.Debug|Any CPU.Build.0 = Debug|Any CPU
		{EBE15804-5DCC-4D6A-A2E2-978C34871338}.Release|Any CPU.ActiveCfg = Release|Any CPU
		{EBE15804-5DCC-4D6A-A2E2-978C34871338}.Release|Any CPU.Build.0 = Release|Any CPU
	EndGlobalSection
	GlobalSection(NestedProjects) = preSolution
		{30FCDF5D-A3E6-445E-8736-2772ED61D846} = {0B97F023-9896-467D-91AE-A32C696467AC}
		{3B395720-22F1-4A8E-8DEF-D5B9FD61BC1F} = {A2CD9007-030E-4FEE-8811-5224E8C28D5F}
		{B81A05D7-1958-4C5C-A862-F8CED1759573} = {A2CD9007-030E-4FEE-8811-5224E8C28D5F}
		{1C3BD0EC-C2FC-443D-A4E4-5095B75DCA39} = {A2CD9007-030E-4FEE-8811-5224E8C28D5F}
		{89D4ABEC-3B49-4757-857D-1AFC98A616C0} = {A2CD9007-030E-4FEE-8811-5224E8C28D5F}
		{EBE15804-5DCC-4D6A-A2E2-978C34871338} = {0B97F023-9896-467D-91AE-A32C696467AC}
	EndGlobalSection
EndGlobal
